
Microsoft Visual Studio Solution File, Format Version 12.00
# Visual Studio 15
VisualStudioVersion = 15.0.27130.2024
MinimumVisualStudioVersion = 10.0.40219.1
Project("{2150E333-8FDC-42A3-9474-1A3956D46DE8}") = "Engine", "Engine", "{C3DCA24C-BFFA-4A05-A141-9A417B4B1625}"
EndProject
Project("{2150E333-8FDC-42A3-9474-1A3956D46DE8}") = "Games", "Games", "{8C2AA64B-F831-470E-8FD1-44C257DB33B6}"
EndProject
Project("{8BC9CEB8-8B4A-11D0-8D11-00A0C91BC942}") = "UE4", "Intermediate\ProjectFiles\UE4.vcxproj", "{DD6A901C-BF03-4246-B201-540B8A6DE6D0}"
EndProject
Project("{8BC9CEB8-8B4A-11D0-8D11-00A0C91BC942}") = "ProjectDelve", "Intermediate\ProjectFiles\ProjectDelve.vcxproj", "{1D57E6FE-DCE4-47EA-A8B8-D857FC90490B}"
EndProject
Global
	GlobalSection(SolutionConfigurationPlatforms) = preSolution
		DebugGame Editor|HTML5 = DebugGame Editor|HTML5
		DebugGame Editor|Win32 = DebugGame Editor|Win32
		DebugGame Editor|Win64 = DebugGame Editor|Win64
		DebugGame|HTML5 = DebugGame|HTML5
		DebugGame|Win32 = DebugGame|Win32
		DebugGame|Win64 = DebugGame|Win64
		Development Editor|HTML5 = Development Editor|HTML5
		Development Editor|Win32 = Development Editor|Win32
		Development Editor|Win64 = Development Editor|Win64
		Development|HTML5 = Development|HTML5
		Development|Win32 = Development|Win32
		Development|Win64 = Development|Win64
		Shipping|HTML5 = Shipping|HTML5
		Shipping|Win32 = Shipping|Win32
		Shipping|Win64 = Shipping|Win64
	EndGlobalSection
	GlobalSection(ProjectConfigurationPlatforms) = postSolution
		{DD6A901C-BF03-4246-B201-540B8A6DE6D0}.DebugGame Editor|HTML5.ActiveCfg = BuiltWithUnrealBuildTool|Win32
		{DD6A901C-BF03-4246-B201-540B8A6DE6D0}.DebugGame Editor|HTML5.Build.0 = BuiltWithUnrealBuildTool|Win32
		{DD6A901C-BF03-4246-B201-540B8A6DE6D0}.DebugGame Editor|Win32.ActiveCfg = BuiltWithUnrealBuildTool|Win32
		{DD6A901C-BF03-4246-B201-540B8A6DE6D0}.DebugGame Editor|Win32.Build.0 = BuiltWithUnrealBuildTool|Win32
		{DD6A901C-BF03-4246-B201-540B8A6DE6D0}.DebugGame Editor|Win64.ActiveCfg = BuiltWithUnrealBuildTool|Win32
		{DD6A901C-BF03-4246-B201-540B8A6DE6D0}.DebugGame Editor|Win64.Build.0 = BuiltWithUnrealBuildTool|Win32
		{DD6A901C-BF03-4246-B201-540B8A6DE6D0}.DebugGame|HTML5.ActiveCfg = BuiltWithUnrealBuildTool|Win32
		{DD6A901C-BF03-4246-B201-540B8A6DE6D0}.DebugGame|HTML5.Build.0 = BuiltWithUnrealBuildTool|Win32
		{DD6A901C-BF03-4246-B201-540B8A6DE6D0}.DebugGame|Win32.ActiveCfg = BuiltWithUnrealBuildTool|Win32
		{DD6A901C-BF03-4246-B201-540B8A6DE6D0}.DebugGame|Win32.Build.0 = BuiltWithUnrealBuildTool|Win32
		{DD6A901C-BF03-4246-B201-540B8A6DE6D0}.DebugGame|Win64.ActiveCfg = BuiltWithUnrealBuildTool|Win32
		{DD6A901C-BF03-4246-B201-540B8A6DE6D0}.DebugGame|Win64.Build.0 = BuiltWithUnrealBuildTool|Win32
		{DD6A901C-BF03-4246-B201-540B8A6DE6D0}.Development Editor|HTML5.ActiveCfg = BuiltWithUnrealBuildTool|Win32
		{DD6A901C-BF03-4246-B201-540B8A6DE6D0}.Development Editor|HTML5.Build.0 = BuiltWithUnrealBuildTool|Win32
		{DD6A901C-BF03-4246-B201-540B8A6DE6D0}.Development Editor|Win32.ActiveCfg = BuiltWithUnrealBuildTool|Win32
		{DD6A901C-BF03-4246-B201-540B8A6DE6D0}.Development Editor|Win32.Build.0 = BuiltWithUnrealBuildTool|Win32
		{DD6A901C-BF03-4246-B201-540B8A6DE6D0}.Development Editor|Win64.ActiveCfg = BuiltWithUnrealBuildTool|Win32
		{DD6A901C-BF03-4246-B201-540B8A6DE6D0}.Development Editor|Win64.Build.0 = BuiltWithUnrealBuildTool|Win32
		{DD6A901C-BF03-4246-B201-540B8A6DE6D0}.Development|HTML5.ActiveCfg = BuiltWithUnrealBuildTool|Win32
		{DD6A901C-BF03-4246-B201-540B8A6DE6D0}.Development|HTML5.Build.0 = BuiltWithUnrealBuildTool|Win32
		{DD6A901C-BF03-4246-B201-540B8A6DE6D0}.Development|Win32.ActiveCfg = BuiltWithUnrealBuildTool|Win32
		{DD6A901C-BF03-4246-B201-540B8A6DE6D0}.Development|Win32.Build.0 = BuiltWithUnrealBuildTool|Win32
		{DD6A901C-BF03-4246-B201-540B8A6DE6D0}.Development|Win64.ActiveCfg = BuiltWithUnrealBuildTool|Win32
		{DD6A901C-BF03-4246-B201-540B8A6DE6D0}.Development|Win64.Build.0 = BuiltWithUnrealBuildTool|Win32
		{DD6A901C-BF03-4246-B201-540B8A6DE6D0}.Shipping|HTML5.ActiveCfg = BuiltWithUnrealBuildTool|Win32
		{DD6A901C-BF03-4246-B201-540B8A6DE6D0}.Shipping|HTML5.Build.0 = BuiltWithUnrealBuildTool|Win32
		{DD6A901C-BF03-4246-B201-540B8A6DE6D0}.Shipping|Win32.ActiveCfg = BuiltWithUnrealBuildTool|Win32
		{DD6A901C-BF03-4246-B201-540B8A6DE6D0}.Shipping|Win32.Build.0 = BuiltWithUnrealBuildTool|Win32
		{DD6A901C-BF03-4246-B201-540B8A6DE6D0}.Shipping|Win64.ActiveCfg = BuiltWithUnrealBuildTool|Win32
		{DD6A901C-BF03-4246-B201-540B8A6DE6D0}.Shipping|Win64.Build.0 = BuiltWithUnrealBuildTool|Win32
		{1D57E6FE-DCE4-47EA-A8B8-D857FC90490B}.DebugGame Editor|HTML5.ActiveCfg = HTML5_DebugGame_Editor|Win32
		{1D57E6FE-DCE4-47EA-A8B8-D857FC90490B}.DebugGame Editor|Win32.ActiveCfg = DebugGame_Editor|Win32
		{1D57E6FE-DCE4-47EA-A8B8-D857FC90490B}.DebugGame Editor|Win64.ActiveCfg = DebugGame_Editor|x64
		{1D57E6FE-DCE4-47EA-A8B8-D857FC90490B}.DebugGame Editor|Win64.Build.0 = DebugGame_Editor|x64
		{1D57E6FE-DCE4-47EA-A8B8-D857FC90490B}.DebugGame|HTML5.ActiveCfg = HTML5_DebugGame_Game|Win32
		{1D57E6FE-DCE4-47EA-A8B8-D857FC90490B}.DebugGame|HTML5.Build.0 = HTML5_DebugGame_Game|Win32
		{1D57E6FE-DCE4-47EA-A8B8-D857FC90490B}.DebugGame|Win32.ActiveCfg = DebugGame_Game|Win32
		{1D57E6FE-DCE4-47EA-A8B8-D857FC90490B}.DebugGame|Win32.Build.0 = DebugGame_Game|Win32
		{1D57E6FE-DCE4-47EA-A8B8-D857FC90490B}.DebugGame|Win64.ActiveCfg = DebugGame_Game|x64
		{1D57E6FE-DCE4-47EA-A8B8-D857FC90490B}.DebugGame|Win64.Build.0 = DebugGame_Game|x64
		{1D57E6FE-DCE4-47EA-A8B8-D857FC90490B}.Development Editor|HTML5.ActiveCfg = HTML5_Development_Editor|Win32
		{1D57E6FE-DCE4-47EA-A8B8-D857FC90490B}.Development Editor|Win32.ActiveCfg = Development_Editor|Win32
		{1D57E6FE-DCE4-47EA-A8B8-D857FC90490B}.Development Editor|Win64.ActiveCfg = Development_Editor|x64
		{1D57E6FE-DCE4-47EA-A8B8-D857FC90490B}.Development Editor|Win64.Build.0 = Development_Editor|x64
		{1D57E6FE-DCE4-47EA-A8B8-D857FC90490B}.Development|HTML5.ActiveCfg = HTML5_Development_Game|Win32
		{1D57E6FE-DCE4-47EA-A8B8-D857FC90490B}.Development|HTML5.Build.0 = HTML5_Development_Game|Win32
		{1D57E6FE-DCE4-47EA-A8B8-D857FC90490B}.Development|Win32.ActiveCfg = Development_Game|Win32
		{1D57E6FE-DCE4-47EA-A8B8-D857FC90490B}.Development|Win32.Build.0 = Development_Game|Win32
		{1D57E6FE-DCE4-47EA-A8B8-D857FC90490B}.Development|Win64.ActiveCfg = Development_Game|x64
		{1D57E6FE-DCE4-47EA-A8B8-D857FC90490B}.Development|Win64.Build.0 = Development_Game|x64
		{1D57E6FE-DCE4-47EA-A8B8-D857FC90490B}.Shipping|HTML5.ActiveCfg = HTML5_Shipping_Game|Win32
		{1D57E6FE-DCE4-47EA-A8B8-D857FC90490B}.Shipping|HTML5.Build.0 = HTML5_Shipping_Game|Win32
		{1D57E6FE-DCE4-47EA-A8B8-D857FC90490B}.Shipping|Win32.ActiveCfg = Shipping_Game|Win32
		{1D57E6FE-DCE4-47EA-A8B8-D857FC90490B}.Shipping|Win32.Build.0 = Shipping_Game|Win32
		{1D57E6FE-DCE4-47EA-A8B8-D857FC90490B}.Shipping|Win64.ActiveCfg = Shipping_Game|x64
		{1D57E6FE-DCE4-47EA-A8B8-D857FC90490B}.Shipping|Win64.Build.0 = Shipping_Game|x64
	EndGlobalSection
	GlobalSection(SolutionProperties) = preSolution
		HideSolutionNode = FALSE
	EndGlobalSection
	GlobalSection(NestedProjects) = preSolution
		{DD6A901C-BF03-4246-B201-540B8A6DE6D0} = {C3DCA24C-BFFA-4A05-A141-9A417B4B1625}
		{1D57E6FE-DCE4-47EA-A8B8-D857FC90490B} = {8C2AA64B-F831-470E-8FD1-44C257DB33B6}
	EndGlobalSection
	GlobalSection(ExtensibilityGlobals) = postSolution
		SolutionGuid = {038E06E0-9A18-47B5-9401-E045E9EE85C5}
	EndGlobalSection
EndGlobal
